
Microsoft Visual Studio Solution File, Format Version 12.00
# Visual Studio Version 16
VisualStudioVersion = 16.0.31019.35
MinimumVisualStudioVersion = 10.0.40219.1
Project("{9A19103F-16F7-4668-BE54-9A1E7A4F7556}") = "Entities", "Entities\Entities.csproj", "{20B2EA84-9982-40B3-809B-1EB5F625558A}"
EndProject
Project("{9A19103F-16F7-4668-BE54-9A1E7A4F7556}") = "DataAccess", "DataAccess\DataAccess.csproj", "{6EC9F9D9-EB8B-456C-96D2-AEA6AB2F21C0}"
EndProject
Project("{9A19103F-16F7-4668-BE54-9A1E7A4F7556}") = "Business", "Business\Business.csproj", "{FA52ED0A-5CCA-4E30-B000-8EADD1D306F0}"
EndProject
Project("{9A19103F-16F7-4668-BE54-9A1E7A4F7556}") = "Consol", "Consol\Consol.csproj", "{E36A5D54-6BCB-4AFA-BA99-04B5E0145CBD}"
EndProject
Project("{9A19103F-16F7-4668-BE54-9A1E7A4F7556}") = "Core", "Core\Core.csproj", "{DE821192-986B-4396-82E9-AFCB90D086C4}"
EndProject
Project("{FAE04EC0-301F-11D3-BF4B-00C04F79EFBC}") = "WebAPI", "WebAPI\WebAPI.csproj", "{F94DD2B0-4CDF-4DE8-8591-89869F7FD57E}"
EndProject
Global
	GlobalSection(SolutionConfigurationPlatforms) = preSolution
		Debug|Any CPU = Debug|Any CPU
		Release|Any CPU = Release|Any CPU
	EndGlobalSection
	GlobalSection(ProjectConfigurationPlatforms) = postSolution
		{20B2EA84-9982-40B3-809B-1EB5F625558A}.Debug|Any CPU.ActiveCfg = Debug|Any CPU
		{20B2EA84-9982-40B3-809B-1EB5F625558A}.Debug|Any CPU.Build.0 = Debug|Any CPU
		{20B2EA84-9982-40B3-809B-1EB5F625558A}.Release|Any CPU.ActiveCfg = Release|Any CPU
		{20B2EA84-9982-40B3-809B-1EB5F625558A}.Release|Any CPU.Build.0 = Release|Any CPU
		{6EC9F9D9-EB8B-456C-96D2-AEA6AB2F21C0}.Debug|Any CPU.ActiveCfg = Debug|Any CPU
		{6EC9F9D9-EB8B-456C-96D2-AEA6AB2F21C0}.Debug|Any CPU.Build.0 = Debug|Any CPU
		{6EC9F9D9-EB8B-456C-96D2-AEA6AB2F21C0}.Release|Any CPU.ActiveCfg = Release|Any CPU
		{6EC9F9D9-EB8B-456C-96D2-AEA6AB2F21C0}.Release|Any CPU.Build.0 = Release|Any CPU
		{FA52ED0A-5CCA-4E30-B000-8EADD1D306F0}.Debug|Any CPU.ActiveCfg = Debug|Any CPU
		{FA52ED0A-5CCA-4E30-B000-8EADD1D306F0}.Debug|Any CPU.Build.0 = Debug|Any CPU
		{FA52ED0A-5CCA-4E30-B000-8EADD1D306F0}.Release|Any CPU.ActiveCfg = Release|Any CPU
		{FA52ED0A-5CCA-4E30-B000-8EADD1D306F0}.Release|Any CPU.Build.0 = Release|Any CPU
		{E36A5D54-6BCB-4AFA-BA99-04B5E0145CBD}.Debug|Any CPU.ActiveCfg = Debug|Any CPU
		{E36A5D54-6BCB-4AFA-BA99-04B5E0145CBD}.Debug|Any CPU.Build.0 = Debug|Any CPU
		{E36A5D54-6BCB-4AFA-BA99-04B5E0145CBD}.Release|Any CPU.ActiveCfg = Release|Any CPU
		{E36A5D54-6BCB-4AFA-BA99-04B5E0145CBD}.Release|Any CPU.Build.0 = Release|Any CPU
		{DE821192-986B-4396-82E9-AFCB90D086C4}.Debug|Any CPU.ActiveCfg = Debug|Any CPU
		{DE821192-986B-4396-82E9-AFCB90D086C4}.Debug|Any CPU.Build.0 = Debug|Any CPU
		{DE821192-986B-4396-82E9-AFCB90D086C4}.Release|Any CPU.ActiveCfg = Release|Any CPU
		{DE821192-986B-4396-82E9-AFCB90D086C4}.Release|Any CPU.Build.0 = Release|Any CPU
		{F94DD2B0-4CDF-4DE8-8591-89869F7FD57E}.Debug|Any CPU.ActiveCfg = Debug|Any CPU
		{F94DD2B0-4CDF-4DE8-8591-89869F7FD57E}.Debug|Any CPU.Build.0 = Debug|Any CPU
		{F94DD2B0-4CDF-4DE8-8591-89869F7FD57E}.Release|Any CPU.ActiveCfg = Release|Any CPU
		{F94DD2B0-4CDF-4DE8-8591-89869F7FD57E}.Release|Any CPU.Build.0 = Release|Any CPU
	EndGlobalSection
	GlobalSection(SolutionProperties) = preSolution
		HideSolutionNode = FALSE
	EndGlobalSection
	GlobalSection(ExtensibilityGlobals) = postSolution
		SolutionGuid = {8BDCB825-D26F-4DEC-ACBE-622DAEDC3917}
	EndGlobalSection
EndGlobal
